// !$*UTF8*$!
{
	archiveVersion = 1;
	classes = {
	};
	objectVersion = 46;
	objects = {

/* Begin PBXBuildFile section */
		9629ABB115AB45BF004FB443 /* UIKit.framework in Frameworks */ = {isa = PBXBuildFile; fileRef = 9629ABB015AB45BF004FB443 /* UIKit.framework */; };
		9629ABB315AB45BF004FB443 /* Foundation.framework in Frameworks */ = {isa = PBXBuildFile; fileRef = 9629ABB215AB45BF004FB443 /* Foundation.framework */; };
		9629ABB515AB45BF004FB443 /* CoreGraphics.framework in Frameworks */ = {isa = PBXBuildFile; fileRef = 9629ABB415AB45BF004FB443 /* CoreGraphics.framework */; };
		9629ABBB15AB45BF004FB443 /* InfoPlist.strings in Resources */ = {isa = PBXBuildFile; fileRef = 9629ABB915AB45BF004FB443 /* InfoPlist.strings */; };
		9629ABBD15AB45BF004FB443 /* main.m in Sources */ = {isa = PBXBuildFile; fileRef = 9629ABBC15AB45BF004FB443 /* main.m */; };
		9629ABC115AB45BF004FB443 /* AppDelegate.m in Sources */ = {isa = PBXBuildFile; fileRef = 9629ABC015AB45BF004FB443 /* AppDelegate.m */; };
		9629ABC415AB45BF004FB443 /* MainStoryboard.storyboard in Resources */ = {isa = PBXBuildFile; fileRef = 9629ABC215AB45BF004FB443 /* MainStoryboard.storyboard */; };
		9629ABC715AB45C0004FB443 /* RootViewController.m in Sources */ = {isa = PBXBuildFile; fileRef = 9629ABC615AB45C0004FB443 /* RootViewController.m */; };
		9629ABF915AB6AE2004FB443 /* AVFoundation.framework in Frameworks */ = {isa = PBXBuildFile; fileRef = 9629ABF815AB6AE2004FB443 /* AVFoundation.framework */; };
		9629ABFB15AB6AED004FB443 /* CoreLocation.framework in Frameworks */ = {isa = PBXBuildFile; fileRef = 9629ABFA15AB6AED004FB443 /* CoreLocation.framework */; };
		9629ABFD15AB6B17004FB443 /* QuartzCore.framework in Frameworks */ = {isa = PBXBuildFile; fileRef = 9629ABFC15AB6B17004FB443 /* QuartzCore.framework */; };
		96488FF415BDAE77007AE1BC /* CapturesTableViewController.m in Sources */ = {isa = PBXBuildFile; fileRef = 96488FF315BDAE77007AE1BC /* CapturesTableViewController.m */; };
		96488FFB15BDC7D5007AE1BC /* CaptureDetailViewController.m in Sources */ = {isa = PBXBuildFile; fileRef = 96488FFA15BDC7D5007AE1BC /* CaptureDetailViewController.m */; };
		96C500DE15C84FB500A63FC2 /* CoreMedia.framework in Frameworks */ = {isa = PBXBuildFile; fileRef = 96C500DD15C84FB500A63FC2 /* CoreMedia.framework */; };
		96F9CFBA15C059DB00CB5B20 /* libSTRABO-MultiRecorder.a in Frameworks */ = {isa = PBXBuildFile; fileRef = 96F9CFAE15C059DB00CB5B20 /* libSTRABO-MultiRecorder.a */; };
		96F9CFBB15C059DB00CB5B20 /* STRMultiRecorderStoryboard.storyboard in Resources */ = {isa = PBXBuildFile; fileRef = 96F9CFB915C059DB00CB5B20 /* STRMultiRecorderStoryboard.storyboard */; };
/* End PBXBuildFile section */

/* Begin PBXFileReference section */
		9629ABAC15AB45BF004FB443 /* My Great Capture Recorder.app */ = {isa = PBXFileReference; explicitFileType = wrapper.application; includeInIndex = 0; path = "My Great Capture Recorder.app"; sourceTree = BUILT_PRODUCTS_DIR; };
		9629ABB015AB45BF004FB443 /* UIKit.framework */ = {isa = PBXFileReference; lastKnownFileType = wrapper.framework; name = UIKit.framework; path = System/Library/Frameworks/UIKit.framework; sourceTree = SDKROOT; };
		9629ABB215AB45BF004FB443 /* Foundation.framework */ = {isa = PBXFileReference; lastKnownFileType = wrapper.framework; name = Foundation.framework; path = System/Library/Frameworks/Foundation.framework; sourceTree = SDKROOT; };
		9629ABB415AB45BF004FB443 /* CoreGraphics.framework */ = {isa = PBXFileReference; lastKnownFileType = wrapper.framework; name = CoreGraphics.framework; path = System/Library/Frameworks/CoreGraphics.framework; sourceTree = SDKROOT; };
		9629ABB815AB45BF004FB443 /* My Great Capture Recorder-Info.plist */ = {isa = PBXFileReference; lastKnownFileType = text.plist.xml; path = "My Great Capture Recorder-Info.plist"; sourceTree = "<group>"; };
		9629ABBA15AB45BF004FB443 /* en */ = {isa = PBXFileReference; lastKnownFileType = text.plist.strings; name = en; path = en.lproj/InfoPlist.strings; sourceTree = "<group>"; };
		9629ABBC15AB45BF004FB443 /* main.m */ = {isa = PBXFileReference; lastKnownFileType = sourcecode.c.objc; path = main.m; sourceTree = "<group>"; };
		9629ABBE15AB45BF004FB443 /* My Great Capture Recorder-Prefix.pch */ = {isa = PBXFileReference; lastKnownFileType = sourcecode.c.h; path = "My Great Capture Recorder-Prefix.pch"; sourceTree = "<group>"; };
		9629ABBF15AB45BF004FB443 /* AppDelegate.h */ = {isa = PBXFileReference; lastKnownFileType = sourcecode.c.h; path = AppDelegate.h; sourceTree = "<group>"; };
		9629ABC015AB45BF004FB443 /* AppDelegate.m */ = {isa = PBXFileReference; lastKnownFileType = sourcecode.c.objc; path = AppDelegate.m; sourceTree = "<group>"; };
		9629ABC315AB45BF004FB443 /* en */ = {isa = PBXFileReference; lastKnownFileType = file.storyboard; name = en; path = en.lproj/MainStoryboard.storyboard; sourceTree = "<group>"; };
		9629ABC515AB45BF004FB443 /* RootViewController.h */ = {isa = PBXFileReference; lastKnownFileType = sourcecode.c.h; path = RootViewController.h; sourceTree = "<group>"; };
		9629ABC615AB45C0004FB443 /* RootViewController.m */ = {isa = PBXFileReference; lastKnownFileType = sourcecode.c.objc; path = RootViewController.m; sourceTree = "<group>"; };
		9629ABF815AB6AE2004FB443 /* AVFoundation.framework */ = {isa = PBXFileReference; lastKnownFileType = wrapper.framework; name = AVFoundation.framework; path = System/Library/Frameworks/AVFoundation.framework; sourceTree = SDKROOT; };
		9629ABFA15AB6AED004FB443 /* CoreLocation.framework */ = {isa = PBXFileReference; lastKnownFileType = wrapper.framework; name = CoreLocation.framework; path = System/Library/Frameworks/CoreLocation.framework; sourceTree = SDKROOT; };
		9629ABFC15AB6B17004FB443 /* QuartzCore.framework */ = {isa = PBXFileReference; lastKnownFileType = wrapper.framework; name = QuartzCore.framework; path = System/Library/Frameworks/QuartzCore.framework; sourceTree = SDKROOT; };
		96488FF215BDAE77007AE1BC /* CapturesTableViewController.h */ = {isa = PBXFileReference; fileEncoding = 4; lastKnownFileType = sourcecode.c.h; path = CapturesTableViewController.h; sourceTree = "<group>"; };
		96488FF315BDAE77007AE1BC /* CapturesTableViewController.m */ = {isa = PBXFileReference; fileEncoding = 4; lastKnownFileType = sourcecode.c.objc; path = CapturesTableViewController.m; sourceTree = "<group>"; };
		96488FF915BDC7D5007AE1BC /* CaptureDetailViewController.h */ = {isa = PBXFileReference; fileEncoding = 4; lastKnownFileType = sourcecode.c.h; path = CaptureDetailViewController.h; sourceTree = "<group>"; };
		96488FFA15BDC7D5007AE1BC /* CaptureDetailViewController.m */ = {isa = PBXFileReference; fileEncoding = 4; lastKnownFileType = sourcecode.c.objc; path = CaptureDetailViewController.m; sourceTree = "<group>"; };
		96C500DD15C84FB500A63FC2 /* CoreMedia.framework */ = {isa = PBXFileReference; lastKnownFileType = wrapper.framework; name = CoreMedia.framework; path = System/Library/Frameworks/CoreMedia.framework; sourceTree = SDKROOT; };
		96F9CFAE15C059DB00CB5B20 /* libSTRABO-MultiRecorder.a */ = {isa = PBXFileReference; lastKnownFileType = archive.ar; path = "libSTRABO-MultiRecorder.a"; sourceTree = "<group>"; };
		96F9CFAF15C059DB00CB5B20 /* multi-recorder-sdk.h */ = {isa = PBXFileReference; fileEncoding = 4; lastKnownFileType = sourcecode.c.h; path = "multi-recorder-sdk.h"; sourceTree = "<group>"; };
		96F9CFB015C059DB00CB5B20 /* NSDate+Date_Utilities.h */ = {isa = PBXFileReference; fileEncoding = 4; lastKnownFileType = sourcecode.c.h; path = "NSDate+Date_Utilities.h"; sourceTree = "<group>"; };
		96F9CFB115C059DB00CB5B20 /* NSString+Hash.h */ = {isa = PBXFileReference; fileEncoding = 4; lastKnownFileType = sourcecode.c.h; path = "NSString+Hash.h"; sourceTree = "<group>"; };
		96F9CFB215C059DB00CB5B20 /* STRCapture.h */ = {isa = PBXFileReference; fileEncoding = 4; lastKnownFileType = sourcecode.c.h; path = STRCapture.h; sourceTree = "<group>"; };
		96F9CFB315C059DB00CB5B20 /* STRCaptureDataCollector.h */ = {isa = PBXFileReference; fileEncoding = 4; lastKnownFileType = sourcecode.c.h; path = STRCaptureDataCollector.h; sourceTree = "<group>"; };
		96F9CFB415C059DB00CB5B20 /* STRCaptureFileManager.h */ = {isa = PBXFileReference; fileEncoding = 4; lastKnownFileType = sourcecode.c.h; path = STRCaptureFileManager.h; sourceTree = "<group>"; };
		96F9CFB515C059DB00CB5B20 /* STRCaptureFileOrganizer.h */ = {isa = PBXFileReference; fileEncoding = 4; lastKnownFileType = sourcecode.c.h; path = STRCaptureFileOrganizer.h; sourceTree = "<group>"; };
		96F9CFB615C059DB00CB5B20 /* STRCaptureUploadManager.h */ = {isa = PBXFileReference; fileEncoding = 4; lastKnownFileType = sourcecode.c.h; path = STRCaptureUploadManager.h; sourceTree = "<group>"; };
		96F9CFB715C059DB00CB5B20 /* STRCaptureViewController.h */ = {isa = PBXFileReference; fileEncoding = 4; lastKnownFileType = sourcecode.c.h; path = STRCaptureViewController.h; sourceTree = "<group>"; };
		96F9CFB815C059DB00CB5B20 /* STRGeoLocationData.h */ = {isa = PBXFileReference; fileEncoding = 4; lastKnownFileType = sourcecode.c.h; path = STRGeoLocationData.h; sourceTree = "<group>"; };
		96F9CFB915C059DB00CB5B20 /* STRMultiRecorderStoryboard.storyboard */ = {isa = PBXFileReference; fileEncoding = 4; lastKnownFileType = file.storyboard; path = STRMultiRecorderStoryboard.storyboard; sourceTree = "<group>"; };
/* End PBXFileReference section */

/* Begin PBXFrameworksBuildPhase section */
		9629ABA915AB45BF004FB443 /* Frameworks */ = {
			isa = PBXFrameworksBuildPhase;
			buildActionMask = 2147483647;
			files = (
				9629ABB115AB45BF004FB443 /* UIKit.framework in Frameworks */,
				9629ABB315AB45BF004FB443 /* Foundation.framework in Frameworks */,
				9629ABB515AB45BF004FB443 /* CoreGraphics.framework in Frameworks */,
				9629ABF915AB6AE2004FB443 /* AVFoundation.framework in Frameworks */,
				9629ABFB15AB6AED004FB443 /* CoreLocation.framework in Frameworks */,
				9629ABFD15AB6B17004FB443 /* QuartzCore.framework in Frameworks */,
				96F9CFBA15C059DB00CB5B20 /* libSTRABO-MultiRecorder.a in Frameworks */,
				96C500DE15C84FB500A63FC2 /* CoreMedia.framework in Frameworks */,
			);
			runOnlyForDeploymentPostprocessing = 0;
		};
/* End PBXFrameworksBuildPhase section */

/* Begin PBXGroup section */
		9629ABA115AB45BF004FB443 = {
			isa = PBXGroup;
			children = (
				9629ABB615AB45BF004FB443 /* My Great Capture Recorder */,
				9629ABAF15AB45BF004FB443 /* Frameworks */,
				9629ABAD15AB45BF004FB443 /* Products */,
			);
			sourceTree = "<group>";
		};
		9629ABAD15AB45BF004FB443 /* Products */ = {
			isa = PBXGroup;
			children = (
				9629ABAC15AB45BF004FB443 /* My Great Capture Recorder.app */,
			);
			name = Products;
			sourceTree = "<group>";
		};
		9629ABAF15AB45BF004FB443 /* Frameworks */ = {
			isa = PBXGroup;
			children = (
				96C500DD15C84FB500A63FC2 /* CoreMedia.framework */,
				9629ABFC15AB6B17004FB443 /* QuartzCore.framework */,
				9629ABFA15AB6AED004FB443 /* CoreLocation.framework */,
				9629ABF815AB6AE2004FB443 /* AVFoundation.framework */,
				9629ABB015AB45BF004FB443 /* UIKit.framework */,
				9629ABB215AB45BF004FB443 /* Foundation.framework */,
				9629ABB415AB45BF004FB443 /* CoreGraphics.framework */,
			);
			name = Frameworks;
			sourceTree = "<group>";
		};
		9629ABB615AB45BF004FB443 /* My Great Capture Recorder */ = {
			isa = PBXGroup;
			children = (
				96F9CFAD15C059DB00CB5B20 /* src */,
				9629ABBF15AB45BF004FB443 /* AppDelegate.h */,
				9629ABC015AB45BF004FB443 /* AppDelegate.m */,
				9629ABC215AB45BF004FB443 /* MainStoryboard.storyboard */,
				9629ABC515AB45BF004FB443 /* RootViewController.h */,
				9629ABC615AB45C0004FB443 /* RootViewController.m */,
				96488FF215BDAE77007AE1BC /* CapturesTableViewController.h */,
				96488FF315BDAE77007AE1BC /* CapturesTableViewController.m */,
				96488FF915BDC7D5007AE1BC /* CaptureDetailViewController.h */,
				96488FFA15BDC7D5007AE1BC /* CaptureDetailViewController.m */,
				9629ABB715AB45BF004FB443 /* Supporting Files */,
			);
			path = "My Great Capture Recorder";
			sourceTree = "<group>";
		};
		9629ABB715AB45BF004FB443 /* Supporting Files */ = {
			isa = PBXGroup;
			children = (
				9629ABB815AB45BF004FB443 /* My Great Capture Recorder-Info.plist */,
				9629ABB915AB45BF004FB443 /* InfoPlist.strings */,
				9629ABBC15AB45BF004FB443 /* main.m */,
				9629ABBE15AB45BF004FB443 /* My Great Capture Recorder-Prefix.pch */,
			);
			name = "Supporting Files";
			sourceTree = "<group>";
		};
		96F9CFAD15C059DB00CB5B20 /* src */ = {
			isa = PBXGroup;
			children = (
				96F9CFAE15C059DB00CB5B20 /* libSTRABO-MultiRecorder.a */,
				96F9CFAF15C059DB00CB5B20 /* multi-recorder-sdk.h */,
				96F9CFB015C059DB00CB5B20 /* NSDate+Date_Utilities.h */,
				96F9CFB115C059DB00CB5B20 /* NSString+Hash.h */,
				96F9CFB215C059DB00CB5B20 /* STRCapture.h */,
				96F9CFB315C059DB00CB5B20 /* STRCaptureDataCollector.h */,
				96F9CFB415C059DB00CB5B20 /* STRCaptureFileManager.h */,
				96F9CFB515C059DB00CB5B20 /* STRCaptureFileOrganizer.h */,
				96F9CFB615C059DB00CB5B20 /* STRCaptureUploadManager.h */,
				96F9CFB715C059DB00CB5B20 /* STRCaptureViewController.h */,
				96F9CFB815C059DB00CB5B20 /* STRGeoLocationData.h */,
				96F9CFB915C059DB00CB5B20 /* STRMultiRecorderStoryboard.storyboard */,
			);
			name = src;
			path = ../../../src;
			sourceTree = "<group>";
		};
/* End PBXGroup section */

/* Begin PBXNativeTarget section */
		9629ABAB15AB45BF004FB443 /* My Great Capture Recorder */ = {
			isa = PBXNativeTarget;
			buildConfigurationList = 9629ABCA15AB45C0004FB443 /* Build configuration list for PBXNativeTarget "My Great Capture Recorder" */;
			buildPhases = (
				9629ABA815AB45BF004FB443 /* Sources */,
				9629ABA915AB45BF004FB443 /* Frameworks */,
				9629ABAA15AB45BF004FB443 /* Resources */,
			);
			buildRules = (
			);
			dependencies = (
			);
			name = "My Great Capture Recorder";
			productName = "My Great Capture Recorder";
			productReference = 9629ABAC15AB45BF004FB443 /* My Great Capture Recorder.app */;
			productType = "com.apple.product-type.application";
		};
/* End PBXNativeTarget section */

/* Begin PBXProject section */
		9629ABA315AB45BF004FB443 /* Project object */ = {
			isa = PBXProject;
			attributes = {
				LastUpgradeCheck = 0450;
				ORGANIZATIONNAME = "Strabo, LLC";
			};
			buildConfigurationList = 9629ABA615AB45BF004FB443 /* Build configuration list for PBXProject "My Great Capture Recorder" */;
			compatibilityVersion = "Xcode 3.2";
			developmentRegion = English;
			hasScannedForEncodings = 0;
			knownRegions = (
				en,
			);
			mainGroup = 9629ABA115AB45BF004FB443;
			productRefGroup = 9629ABAD15AB45BF004FB443 /* Products */;
			projectDirPath = "";
			projectRoot = "";
			targets = (
				9629ABAB15AB45BF004FB443 /* My Great Capture Recorder */,
			);
		};
/* End PBXProject section */

/* Begin PBXResourcesBuildPhase section */
		9629ABAA15AB45BF004FB443 /* Resources */ = {
			isa = PBXResourcesBuildPhase;
			buildActionMask = 2147483647;
			files = (
				9629ABBB15AB45BF004FB443 /* InfoPlist.strings in Resources */,
				9629ABC415AB45BF004FB443 /* MainStoryboard.storyboard in Resources */,
				96F9CFBB15C059DB00CB5B20 /* STRMultiRecorderStoryboard.storyboard in Resources */,
			);
			runOnlyForDeploymentPostprocessing = 0;
		};
/* End PBXResourcesBuildPhase section */

/* Begin PBXSourcesBuildPhase section */
		9629ABA815AB45BF004FB443 /* Sources */ = {
			isa = PBXSourcesBuildPhase;
			buildActionMask = 2147483647;
			files = (
				9629ABBD15AB45BF004FB443 /* main.m in Sources */,
				9629ABC115AB45BF004FB443 /* AppDelegate.m in Sources */,
				9629ABC715AB45C0004FB443 /* RootViewController.m in Sources */,
				96488FF415BDAE77007AE1BC /* CapturesTableViewController.m in Sources */,
				96488FFB15BDC7D5007AE1BC /* CaptureDetailViewController.m in Sources */,
			);
			runOnlyForDeploymentPostprocessing = 0;
		};
/* End PBXSourcesBuildPhase section */

/* Begin PBXVariantGroup section */
		9629ABB915AB45BF004FB443 /* InfoPlist.strings */ = {
			isa = PBXVariantGroup;
			children = (
				9629ABBA15AB45BF004FB443 /* en */,
			);
			name = InfoPlist.strings;
			sourceTree = "<group>";
		};
		9629ABC215AB45BF004FB443 /* MainStoryboard.storyboard */ = {
			isa = PBXVariantGroup;
			children = (
				9629ABC315AB45BF004FB443 /* en */,
			);
			name = MainStoryboard.storyboard;
			sourceTree = "<group>";
		};
/* End PBXVariantGroup section */

/* Begin XCBuildConfiguration section */
		9629ABC815AB45C0004FB443 /* Debug */ = {
			isa = XCBuildConfiguration;
			buildSettings = {
				ALWAYS_SEARCH_USER_PATHS = NO;
				CLANG_CXX_LANGUAGE_STANDARD = "gnu++0x";
				CLANG_ENABLE_OBJC_ARC = YES;
				CLANG_WARN__DUPLICATE_METHOD_MATCH = YES;
				"CODE_SIGN_IDENTITY[sdk=iphoneos*]" = "iPhone Developer";
				COPY_PHASE_STRIP = NO;
				GCC_C_LANGUAGE_STANDARD = gnu99;
				GCC_DYNAMIC_NO_PIC = NO;
				GCC_OPTIMIZATION_LEVEL = 0;
				GCC_PREPROCESSOR_DEFINITIONS = (
					"DEBUG=1",
					"$(inherited)",
				);
				GCC_SYMBOLS_PRIVATE_EXTERN = NO;
				GCC_WARN_ABOUT_RETURN_TYPE = YES;
				GCC_WARN_UNINITIALIZED_AUTOS = YES;
				GCC_WARN_UNUSED_VARIABLE = YES;
				IPHONEOS_DEPLOYMENT_TARGET = 6.0;
				OTHER_LDFLAGS = (
					"-all_load",
					"-ObjC",
				);
				SDKROOT = iphoneos;
				VALID_ARCHS = armv7;
			};
			name = Debug;
		};
		9629ABC915AB45C0004FB443 /* Release */ = {
			isa = XCBuildConfiguration;
			buildSettings = {
				ALWAYS_SEARCH_USER_PATHS = NO;
				CLANG_CXX_LANGUAGE_STANDARD = "gnu++0x";
				CLANG_ENABLE_OBJC_ARC = YES;
				CLANG_WARN__DUPLICATE_METHOD_MATCH = YES;
				"CODE_SIGN_IDENTITY[sdk=iphoneos*]" = "iPhone Developer";
				COPY_PHASE_STRIP = YES;
				GCC_C_LANGUAGE_STANDARD = gnu99;
				GCC_WARN_ABOUT_RETURN_TYPE = YES;
				GCC_WARN_UNINITIALIZED_AUTOS = YES;
				GCC_WARN_UNUSED_VARIABLE = YES;
				IPHONEOS_DEPLOYMENT_TARGET = 6.0;
				OTHER_CFLAGS = "-DNS_BLOCK_ASSERTIONS=1";
				OTHER_LDFLAGS = (
					"-all_load",
					"-ObjC",
				);
				SDKROOT = iphoneos;
				VALIDATE_PRODUCT = YES;
				VALID_ARCHS = armv7;
			};
			name = Release;
		};
		9629ABCB15AB45C0004FB443 /* Debug */ = {
			isa = XCBuildConfiguration;
			buildSettings = {
				GCC_PRECOMPILE_PREFIX_HEADER = YES;
				GCC_PREFIX_HEADER = "My Great Capture Recorder/My Great Capture Recorder-Prefix.pch";
				INFOPLIST_FILE = "My Great Capture Recorder/My Great Capture Recorder-Info.plist";
				LIBRARY_SEARCH_PATHS = (
					"$(inherited)",
					"\"$(SRCROOT)/../../src\"",
				);
				PRODUCT_NAME = "$(TARGET_NAME)";
				VALID_ARCHS = "armv7 i386";
				WRAPPER_EXTENSION = app;
			};
			name = Debug;
		};
		9629ABCC15AB45C0004FB443 /* Release */ = {
			isa = XCBuildConfiguration;
			buildSettings = {
				GCC_PRECOMPILE_PREFIX_HEADER = YES;
				GCC_PREFIX_HEADER = "My Great Capture Recorder/My Great Capture Recorder-Prefix.pch";
				INFOPLIST_FILE = "My Great Capture Recorder/My Great Capture Recorder-Info.plist";
				LIBRARY_SEARCH_PATHS = (
					"$(inherited)",
					"\"$(SRCROOT)/../../src\"",
				);
				PRODUCT_NAME = "$(TARGET_NAME)";
				VALID_ARCHS = "armv7 i386";
				WRAPPER_EXTENSION = app;
			};
			name = Release;
		};
/* End XCBuildConfiguration section */

/* Begin XCConfigurationList section */
		9629ABA615AB45BF004FB443 /* Build configuration list for PBXProject "My Great Capture Recorder" */ = {
			isa = XCConfigurationList;
			buildConfigurations = (
				9629ABC815AB45C0004FB443 /* Debug */,
				9629ABC915AB45C0004FB443 /* Release */,
			);
			defaultConfigurationIsVisible = 0;
			defaultConfigurationName = Release;
		};
		9629ABCA15AB45C0004FB443 /* Build configuration list for PBXNativeTarget "My Great Capture Recorder" */ = {
			isa = XCConfigurationList;
			buildConfigurations = (
				9629ABCB15AB45C0004FB443 /* Debug */,
				9629ABCC15AB45C0004FB443 /* Release */,
			);
			defaultConfigurationIsVisible = 0;
			defaultConfigurationName = Release;
		};
/* End XCConfigurationList section */
	};
	rootObject = 9629ABA315AB45BF004FB443 /* Project object */;
}
