// !$*UTF8*$!
{
	archiveVersion = 1;
	classes = {
	};
	objectVersion = 46;
	objects = {

/* Begin PBXBuildFile section */
		963828DC15A3837C00E7952F /* UIKit.framework in Frameworks */ = {isa = PBXBuildFile; fileRef = 963828DB15A3837C00E7952F /* UIKit.framework */; };
		963828DE15A3837C00E7952F /* Foundation.framework in Frameworks */ = {isa = PBXBuildFile; fileRef = 963828DD15A3837C00E7952F /* Foundation.framework */; };
		963828E015A3837C00E7952F /* CoreGraphics.framework in Frameworks */ = {isa = PBXBuildFile; fileRef = 963828DF15A3837C00E7952F /* CoreGraphics.framework */; };
		963828E615A3837C00E7952F /* InfoPlist.strings in Resources */ = {isa = PBXBuildFile; fileRef = 963828E415A3837C00E7952F /* InfoPlist.strings */; };
		963828E815A3837C00E7952F /* main.m in Sources */ = {isa = PBXBuildFile; fileRef = 963828E715A3837C00E7952F /* main.m */; };
		963828EC15A3837C00E7952F /* STRAppDelegate.m in Sources */ = {isa = PBXBuildFile; fileRef = 963828EB15A3837C00E7952F /* STRAppDelegate.m */; };
		963828EF15A3837C00E7952F /* MainStoryboard.storyboard in Resources */ = {isa = PBXBuildFile; fileRef = 963828ED15A3837C00E7952F /* MainStoryboard.storyboard */; };
		963828F215A3837C00E7952F /* STRViewController.m in Sources */ = {isa = PBXBuildFile; fileRef = 963828F115A3837C00E7952F /* STRViewController.m */; };
/* End PBXBuildFile section */

/* Begin PBXFileReference section */
		963828D715A3837C00E7952F /* strabo-multi-recorder.app */ = {isa = PBXFileReference; explicitFileType = wrapper.application; includeInIndex = 0; path = "strabo-multi-recorder.app"; sourceTree = BUILT_PRODUCTS_DIR; };
		963828DB15A3837C00E7952F /* UIKit.framework */ = {isa = PBXFileReference; lastKnownFileType = wrapper.framework; name = UIKit.framework; path = System/Library/Frameworks/UIKit.framework; sourceTree = SDKROOT; };
		963828DD15A3837C00E7952F /* Foundation.framework */ = {isa = PBXFileReference; lastKnownFileType = wrapper.framework; name = Foundation.framework; path = System/Library/Frameworks/Foundation.framework; sourceTree = SDKROOT; };
		963828DF15A3837C00E7952F /* CoreGraphics.framework */ = {isa = PBXFileReference; lastKnownFileType = wrapper.framework; name = CoreGraphics.framework; path = System/Library/Frameworks/CoreGraphics.framework; sourceTree = SDKROOT; };
		963828E315A3837C00E7952F /* strabo-multi-recorder-Info.plist */ = {isa = PBXFileReference; lastKnownFileType = text.plist.xml; path = "strabo-multi-recorder-Info.plist"; sourceTree = "<group>"; };
		963828E515A3837C00E7952F /* en */ = {isa = PBXFileReference; lastKnownFileType = text.plist.strings; name = en; path = en.lproj/InfoPlist.strings; sourceTree = "<group>"; };
		963828E715A3837C00E7952F /* main.m */ = {isa = PBXFileReference; lastKnownFileType = sourcecode.c.objc; path = main.m; sourceTree = "<group>"; };
		963828E915A3837C00E7952F /* strabo-multi-recorder-Prefix.pch */ = {isa = PBXFileReference; lastKnownFileType = sourcecode.c.h; path = "strabo-multi-recorder-Prefix.pch"; sourceTree = "<group>"; };
		963828EA15A3837C00E7952F /* STRAppDelegate.h */ = {isa = PBXFileReference; lastKnownFileType = sourcecode.c.h; path = STRAppDelegate.h; sourceTree = "<group>"; };
		963828EB15A3837C00E7952F /* STRAppDelegate.m */ = {isa = PBXFileReference; lastKnownFileType = sourcecode.c.objc; path = STRAppDelegate.m; sourceTree = "<group>"; };
		963828EE15A3837C00E7952F /* en */ = {isa = PBXFileReference; lastKnownFileType = file.storyboard; name = en; path = en.lproj/MainStoryboard.storyboard; sourceTree = "<group>"; };
		963828F015A3837C00E7952F /* STRViewController.h */ = {isa = PBXFileReference; lastKnownFileType = sourcecode.c.h; path = STRViewController.h; sourceTree = "<group>"; };
		963828F115A3837C00E7952F /* STRViewController.m */ = {isa = PBXFileReference; lastKnownFileType = sourcecode.c.objc; path = STRViewController.m; sourceTree = "<group>"; };
/* End PBXFileReference section */

/* Begin PBXFrameworksBuildPhase section */
		963828D415A3837C00E7952F /* Frameworks */ = {
			isa = PBXFrameworksBuildPhase;
			buildActionMask = 2147483647;
			files = (
				963828DC15A3837C00E7952F /* UIKit.framework in Frameworks */,
				963828DE15A3837C00E7952F /* Foundation.framework in Frameworks */,
				963828E015A3837C00E7952F /* CoreGraphics.framework in Frameworks */,
			);
			runOnlyForDeploymentPostprocessing = 0;
		};
/* End PBXFrameworksBuildPhase section */

/* Begin PBXGroup section */
		963828CC15A3837C00E7952F = {
			isa = PBXGroup;
			children = (
				963828E115A3837C00E7952F /* strabo-multi-recorder */,
				963828DA15A3837C00E7952F /* Frameworks */,
				963828D815A3837C00E7952F /* Products */,
			);
			sourceTree = "<group>";
		};
		963828D815A3837C00E7952F /* Products */ = {
			isa = PBXGroup;
			children = (
				963828D715A3837C00E7952F /* strabo-multi-recorder.app */,
			);
			name = Products;
			sourceTree = "<group>";
		};
		963828DA15A3837C00E7952F /* Frameworks */ = {
			isa = PBXGroup;
			children = (
				963828DB15A3837C00E7952F /* UIKit.framework */,
				963828DD15A3837C00E7952F /* Foundation.framework */,
				963828DF15A3837C00E7952F /* CoreGraphics.framework */,
			);
			name = Frameworks;
			sourceTree = "<group>";
		};
		963828E115A3837C00E7952F /* strabo-multi-recorder */ = {
			isa = PBXGroup;
			children = (
				963828EA15A3837C00E7952F /* STRAppDelegate.h */,
				963828EB15A3837C00E7952F /* STRAppDelegate.m */,
				963828ED15A3837C00E7952F /* MainStoryboard.storyboard */,
				963828F015A3837C00E7952F /* STRViewController.h */,
				963828F115A3837C00E7952F /* STRViewController.m */,
				963828E215A3837C00E7952F /* Supporting Files */,
			);
			path = "strabo-multi-recorder";
			sourceTree = "<group>";
		};
		963828E215A3837C00E7952F /* Supporting Files */ = {
			isa = PBXGroup;
			children = (
				963828E315A3837C00E7952F /* strabo-multi-recorder-Info.plist */,
				963828E415A3837C00E7952F /* InfoPlist.strings */,
				963828E715A3837C00E7952F /* main.m */,
				963828E915A3837C00E7952F /* strabo-multi-recorder-Prefix.pch */,
			);
			name = "Supporting Files";
			sourceTree = "<group>";
		};
/* End PBXGroup section */

/* Begin PBXNativeTarget section */
		963828D615A3837C00E7952F /* strabo-multi-recorder */ = {
			isa = PBXNativeTarget;
			buildConfigurationList = 963828F515A3837C00E7952F /* Build configuration list for PBXNativeTarget "strabo-multi-recorder" */;
			buildPhases = (
				963828D315A3837C00E7952F /* Sources */,
				963828D415A3837C00E7952F /* Frameworks */,
				963828D515A3837C00E7952F /* Resources */,
			);
			buildRules = (
			);
			dependencies = (
			);
			name = "strabo-multi-recorder";
			productName = "strabo-multi-recorder";
			productReference = 963828D715A3837C00E7952F /* strabo-multi-recorder.app */;
			productType = "com.apple.product-type.application";
		};
/* End PBXNativeTarget section */

/* Begin PBXProject section */
		963828CE15A3837C00E7952F /* Project object */ = {
			isa = PBXProject;
			attributes = {
				CLASSPREFIX = STR;
				LastUpgradeCheck = 0450;
				ORGANIZATIONNAME = "Strabo, LLC";
			};
			buildConfigurationList = 963828D115A3837C00E7952F /* Build configuration list for PBXProject "strabo-multi-recorder" */;
			compatibilityVersion = "Xcode 3.2";
			developmentRegion = English;
			hasScannedForEncodings = 0;
			knownRegions = (
				en,
			);
			mainGroup = 963828CC15A3837C00E7952F;
			productRefGroup = 963828D815A3837C00E7952F /* Products */;
			projectDirPath = "";
			projectRoot = "";
			targets = (
				963828D615A3837C00E7952F /* strabo-multi-recorder */,
			);
		};
/* End PBXProject section */

/* Begin PBXResourcesBuildPhase section */
		963828D515A3837C00E7952F /* Resources */ = {
			isa = PBXResourcesBuildPhase;
			buildActionMask = 2147483647;
			files = (
				963828E615A3837C00E7952F /* InfoPlist.strings in Resources */,
				963828EF15A3837C00E7952F /* MainStoryboard.storyboard in Resources */,
			);
			runOnlyForDeploymentPostprocessing = 0;
		};
/* End PBXResourcesBuildPhase section */

/* Begin PBXSourcesBuildPhase section */
		963828D315A3837C00E7952F /* Sources */ = {
			isa = PBXSourcesBuildPhase;
			buildActionMask = 2147483647;
			files = (
				963828E815A3837C00E7952F /* main.m in Sources */,
				963828EC15A3837C00E7952F /* STRAppDelegate.m in Sources */,
				963828F215A3837C00E7952F /* STRViewController.m in Sources */,
			);
			runOnlyForDeploymentPostprocessing = 0;
		};
/* End PBXSourcesBuildPhase section */

/* Begin PBXVariantGroup section */
		963828E415A3837C00E7952F /* InfoPlist.strings */ = {
			isa = PBXVariantGroup;
			children = (
				963828E515A3837C00E7952F /* en */,
			);
			name = InfoPlist.strings;
			sourceTree = "<group>";
		};
		963828ED15A3837C00E7952F /* MainStoryboard.storyboard */ = {
			isa = PBXVariantGroup;
			children = (
				963828EE15A3837C00E7952F /* en */,
			);
			name = MainStoryboard.storyboard;
			sourceTree = "<group>";
		};
/* End PBXVariantGroup section */

/* Begin XCBuildConfiguration section */
		963828F315A3837C00E7952F /* Debug */ = {
			isa = XCBuildConfiguration;
			buildSettings = {
				ALWAYS_SEARCH_USER_PATHS = NO;
				CLANG_CXX_LANGUAGE_STANDARD = "gnu++0x";
				CLANG_ENABLE_OBJC_ARC = YES;
				CLANG_WARN__DUPLICATE_METHOD_MATCH = YES;
				"CODE_SIGN_IDENTITY[sdk=iphoneos*]" = "iPhone Developer";
				COPY_PHASE_STRIP = NO;
				GCC_C_LANGUAGE_STANDARD = gnu99;
				GCC_DYNAMIC_NO_PIC = NO;
				GCC_OPTIMIZATION_LEVEL = 0;
				GCC_PREPROCESSOR_DEFINITIONS = (
					"DEBUG=1",
					"$(inherited)",
				);
				GCC_SYMBOLS_PRIVATE_EXTERN = NO;
				GCC_WARN_ABOUT_RETURN_TYPE = YES;
				GCC_WARN_UNINITIALIZED_AUTOS = YES;
				GCC_WARN_UNUSED_VARIABLE = YES;
				IPHONEOS_DEPLOYMENT_TARGET = 6.0;
				SDKROOT = iphoneos;
			};
			name = Debug;
		};
		963828F415A3837C00E7952F /* Release */ = {
			isa = XCBuildConfiguration;
			buildSettings = {
				ALWAYS_SEARCH_USER_PATHS = NO;
				CLANG_CXX_LANGUAGE_STANDARD = "gnu++0x";
				CLANG_ENABLE_OBJC_ARC = YES;
				CLANG_WARN__DUPLICATE_METHOD_MATCH = YES;
				"CODE_SIGN_IDENTITY[sdk=iphoneos*]" = "iPhone Developer";
				COPY_PHASE_STRIP = YES;
				GCC_C_LANGUAGE_STANDARD = gnu99;
				GCC_WARN_ABOUT_RETURN_TYPE = YES;
				GCC_WARN_UNINITIALIZED_AUTOS = YES;
				GCC_WARN_UNUSED_VARIABLE = YES;
				IPHONEOS_DEPLOYMENT_TARGET = 6.0;
				OTHER_CFLAGS = "-DNS_BLOCK_ASSERTIONS=1";
				SDKROOT = iphoneos;
				VALIDATE_PRODUCT = YES;
			};
			name = Release;
		};
		963828F615A3837C00E7952F /* Debug */ = {
			isa = XCBuildConfiguration;
			buildSettings = {
				GCC_PRECOMPILE_PREFIX_HEADER = YES;
				GCC_PREFIX_HEADER = "strabo-multi-recorder/strabo-multi-recorder-Prefix.pch";
				INFOPLIST_FILE = "strabo-multi-recorder/strabo-multi-recorder-Info.plist";
				PRODUCT_NAME = "$(TARGET_NAME)";
				WRAPPER_EXTENSION = app;
			};
			name = Debug;
		};
		963828F715A3837C00E7952F /* Release */ = {
			isa = XCBuildConfiguration;
			buildSettings = {
				GCC_PRECOMPILE_PREFIX_HEADER = YES;
				GCC_PREFIX_HEADER = "strabo-multi-recorder/strabo-multi-recorder-Prefix.pch";
				INFOPLIST_FILE = "strabo-multi-recorder/strabo-multi-recorder-Info.plist";
				PRODUCT_NAME = "$(TARGET_NAME)";
				WRAPPER_EXTENSION = app;
			};
			name = Release;
		};
/* End XCBuildConfiguration section */

/* Begin XCConfigurationList section */
		963828D115A3837C00E7952F /* Build configuration list for PBXProject "strabo-multi-recorder" */ = {
			isa = XCConfigurationList;
			buildConfigurations = (
				963828F315A3837C00E7952F /* Debug */,
				963828F415A3837C00E7952F /* Release */,
			);
			defaultConfigurationIsVisible = 0;
			defaultConfigurationName = Release;
		};
		963828F515A3837C00E7952F /* Build configuration list for PBXNativeTarget "strabo-multi-recorder" */ = {
			isa = XCConfigurationList;
			buildConfigurations = (
				963828F615A3837C00E7952F /* Debug */,
				963828F715A3837C00E7952F /* Release */,
			);
			defaultConfigurationIsVisible = 0;
		};
/* End XCConfigurationList section */
	};
	rootObject = 963828CE15A3837C00E7952F /* Project object */;
}
